
Microsoft Visual Studio Solution File, Format Version 12.00
# Visual Studio Version 17
VisualStudioVersion = 17.14.36203.30
MinimumVisualStudioVersion = 10.0.40219.1
Project("{FAE04EC0-301F-11D3-BF4B-00C04F79EFBC}") = "DEMO.Web", "DEMO.Web\DEMO.Web.csproj", "{0151280D-0958-498D-ACAB-B1B740F31CF9}"
EndProject
Project("{FAE04EC0-301F-11D3-BF4B-00C04F79EFBC}") = "DEMO.Api", "DEMO.Api\DEMO.Api.csproj", "{F93B1881-7677-4E8C-8673-6C5686E8F964}"
EndProject
Project("{FAE04EC0-301F-11D3-BF4B-00C04F79EFBC}") = "DEMO.Data", "DEMO.Data\DEMO.Data.csproj", "{F23C2465-06CD-4DAB-B51F-2106D6BF0F0D}"
EndProject
Project("{FAE04EC0-301F-11D3-BF4B-00C04F79EFBC}") = "DEMO.Dto", "DEMO.Dto\DEMO.Dto.csproj", "{AAEB6620-CFDE-4719-81C8-700BE3F64D11}"
EndProject
Project("{FAE04EC0-301F-11D3-BF4B-00C04F79EFBC}") = "DEMO.Repository", "DEMO.Repository\DEMO.Repository.csproj", "{DE4BB915-3A1C-4D0C-9087-BE2BC456D756}"
EndProject
Project("{FAE04EC0-301F-11D3-BF4B-00C04F79EFBC}") = "DEMO.Services", "DEMO.Services\DEMO.Services.csproj", "{CAA32A63-B768-4524-A215-116A20528942}"
EndProject
Project("{2150E333-8FDC-42A3-9474-1A3956D46DE8}") = "Solution Items", "Solution Items", "{8EC462FD-D22E-90A8-E5CE-7E832BA40C5D}"
	ProjectSection(SolutionItems) = preProject
		.gitignore = .gitignore
	EndProjectSection
EndProject
Global
	GlobalSection(SolutionConfigurationPlatforms) = preSolution
		Debug|Any CPU = Debug|Any CPU
		Release|Any CPU = Release|Any CPU
	EndGlobalSection
	GlobalSection(ProjectConfigurationPlatforms) = postSolution
		{0151280D-0958-498D-ACAB-B1B740F31CF9}.Debug|Any CPU.ActiveCfg = Debug|Any CPU
		{0151280D-0958-498D-ACAB-B1B740F31CF9}.Debug|Any CPU.Build.0 = Debug|Any CPU
		{0151280D-0958-498D-ACAB-B1B740F31CF9}.Release|Any CPU.ActiveCfg = Release|Any CPU
		{0151280D-0958-498D-ACAB-B1B740F31CF9}.Release|Any CPU.Build.0 = Release|Any CPU
		{F93B1881-7677-4E8C-8673-6C5686E8F964}.Debug|Any CPU.ActiveCfg = Debug|Any CPU
		{F93B1881-7677-4E8C-8673-6C5686E8F964}.Debug|Any CPU.Build.0 = Debug|Any CPU
		{F93B1881-7677-4E8C-8673-6C5686E8F964}.Release|Any CPU.ActiveCfg = Release|Any CPU
		{F93B1881-7677-4E8C-8673-6C5686E8F964}.Release|Any CPU.Build.0 = Release|Any CPU
		{F23C2465-06CD-4DAB-B51F-2106D6BF0F0D}.Debug|Any CPU.ActiveCfg = Debug|Any CPU
		{F23C2465-06CD-4DAB-B51F-2106D6BF0F0D}.Debug|Any CPU.Build.0 = Debug|Any CPU
		{F23C2465-06CD-4DAB-B51F-2106D6BF0F0D}.Release|Any CPU.ActiveCfg = Release|Any CPU
		{F23C2465-06CD-4DAB-B51F-2106D6BF0F0D}.Release|Any CPU.Build.0 = Release|Any CPU
		{AAEB6620-CFDE-4719-81C8-700BE3F64D11}.Debug|Any CPU.ActiveCfg = Debug|Any CPU
		{AAEB6620-CFDE-4719-81C8-700BE3F64D11}.Debug|Any CPU.Build.0 = Debug|Any CPU
		{AAEB6620-CFDE-4719-81C8-700BE3F64D11}.Release|Any CPU.ActiveCfg = Release|Any CPU
		{AAEB6620-CFDE-4719-81C8-700BE3F64D11}.Release|Any CPU.Build.0 = Release|Any CPU
		{DE4BB915-3A1C-4D0C-9087-BE2BC456D756}.Debug|Any CPU.ActiveCfg = Debug|Any CPU
		{DE4BB915-3A1C-4D0C-9087-BE2BC456D756}.Debug|Any CPU.Build.0 = Debug|Any CPU
		{DE4BB915-3A1C-4D0C-9087-BE2BC456D756}.Release|Any CPU.ActiveCfg = Release|Any CPU
		{DE4BB915-3A1C-4D0C-9087-BE2BC456D756}.Release|Any CPU.Build.0 = Release|Any CPU
		{CAA32A63-B768-4524-A215-116A20528942}.Debug|Any CPU.ActiveCfg = Debug|Any CPU
		{CAA32A63-B768-4524-A215-116A20528942}.Debug|Any CPU.Build.0 = Debug|Any CPU
		{CAA32A63-B768-4524-A215-116A20528942}.Release|Any CPU.ActiveCfg = Release|Any CPU
		{CAA32A63-B768-4524-A215-116A20528942}.Release|Any CPU.Build.0 = Release|Any CPU
	EndGlobalSection
	GlobalSection(SolutionProperties) = preSolution
		HideSolutionNode = FALSE
	EndGlobalSection
	GlobalSection(ExtensibilityGlobals) = postSolution
		SolutionGuid = {84A77405-0228-4680-9AF7-EA70BFD2BDAC}
	EndGlobalSection
EndGlobal
